
Microsoft Visual Studio Solution File, Format Version 12.00
# Visual Studio Version 17
VisualStudioVersion = 17.0.31521.260
MinimumVisualStudioVersion = 10.0.40219.1
Project("{9A19103F-16F7-4668-BE54-9A1E7A4F7556}") = "SharpDune", "SharpDune.csproj", "{245C4492-2E48-49C9-9F92-C3B9AB90F83D}"
EndProject
Global
	GlobalSection(SolutionConfigurationPlatforms) = preSolution
		Debug|Any CPU = Debug|Any CPU
		Debug|x64 = Debug|x64
		Release|Any CPU = Release|Any CPU
		Release|x64 = Release|x64
	EndGlobalSection
	GlobalSection(ProjectConfigurationPlatforms) = postSolution
		{245C4492-2E48-49C9-9F92-C3B9AB90F83D}.Debug|Any CPU.ActiveCfg = Debug|Any CPU
		{245C4492-2E48-49C9-9F92-C3B9AB90F83D}.Debug|Any CPU.Build.0 = Debug|Any CPU
		{245C4492-2E48-49C9-9F92-C3B9AB90F83D}.Debug|x64.ActiveCfg = Debug|x64
		{245C4492-2E48-49C9-9F92-C3B9AB90F83D}.Debug|x64.Build.0 = Debug|x64
		{245C4492-2E48-49C9-9F92-C3B9AB90F83D}.Release|Any CPU.ActiveCfg = Release|Any CPU
		{245C4492-2E48-49C9-9F92-C3B9AB90F83D}.Release|Any CPU.Build.0 = Release|Any CPU
		{245C4492-2E48-49C9-9F92-C3B9AB90F83D}.Release|x64.ActiveCfg = Release|x64
		{245C4492-2E48-49C9-9F92-C3B9AB90F83D}.Release|x64.Build.0 = Release|x64
	EndGlobalSection
	GlobalSection(SolutionProperties) = preSolution
		HideSolutionNode = FALSE
	EndGlobalSection
	GlobalSection(ExtensibilityGlobals) = postSolution
		SolutionGuid = {45F13EC1-A9AF-4878-9051-4B022F6C31DA}
	EndGlobalSection
EndGlobal
